{
  "name": "project",
  "version": "1.0.0",
  "lockfileVersion": 2,
  "requires": true,
  "packages": {
    "": {
      "version": "1.0.0",
      "license": "ISC",
      "dependencies": {
        "swal": "^0.1.0"
      }
    },
    "node_modules/swal": {
      "version": "0.1.0",
      "resolved": "https://registry.npmjs.org/swal/-/swal-0.1.0.tgz",
      "integrity": "sha1-cwwSGaYnzMnN1/IJqMCdnkOKKPs=",
      "dependencies": {
        "vue": "^2.0.1"
      },
      "engines": {
        "node": ">= 4.0.0",
        "npm": ">= 3.0.0"
      }
    },
    "node_modules/vue": {
      "version": "2.6.12",
      "resolved": "https://registry.npmjs.org/vue/-/vue-2.6.12.tgz",
      "integrity": "sha512-uhmLFETqPPNyuLLbsKz6ioJ4q7AZHzD8ZVFNATNyICSZouqP2Sz0rotWQC8UNBF6VGSCs5abnKJoStA6JbCbfg=="
    }
  },
  "dependencies": {
    "swal": {
      "version": "0.1.0",
      "resolved": "https://registry.npmjs.org/swal/-/swal-0.1.0.tgz",
      "integrity": "sha1-cwwSGaYnzMnN1/IJqMCdnkOKKPs=",
      "requires": {
        "vue": "^2.0.1"
      }
    },
    "vue": {
      "version": "2.6.12",
      "resolved": "https://registry.npmjs.org/vue/-/vue-2.6.12.tgz",
      "integrity": "sha512-uhmLFETqPPNyuLLbsKz6ioJ4q7AZHzD8ZVFNATNyICSZouqP2Sz0rotWQC8UNBF6VGSCs5abnKJoStA6JbCbfg=="
    }
  }
}
